
Microsoft Visual Studio Solution File, Format Version 12.00
# Visual Studio Version 16
VisualStudioVersion = 16.0.32510.428
MinimumVisualStudioVersion = 10.0.40219.1
Project("{FAE04EC0-301F-11D3-BF4B-00C04F79EFBC}") = "Badetidssystem", "Badetidssystem\Badetidssystem.csproj", "{3B44F3B7-881A-4B91-8DDF-E6A7C90D8F50}"
EndProject
Global
	GlobalSection(SolutionConfigurationPlatforms) = preSolution
		Debug|Any CPU = Debug|Any CPU
		Release|Any CPU = Release|Any CPU
	EndGlobalSection
	GlobalSection(ProjectConfigurationPlatforms) = postSolution
		{3B44F3B7-881A-4B91-8DDF-E6A7C90D8F50}.Debug|Any CPU.ActiveCfg = Debug|Any CPU
		{3B44F3B7-881A-4B91-8DDF-E6A7C90D8F50}.Debug|Any CPU.Build.0 = Debug|Any CPU
		{3B44F3B7-881A-4B91-8DDF-E6A7C90D8F50}.Release|Any CPU.ActiveCfg = Release|Any CPU
		{3B44F3B7-881A-4B91-8DDF-E6A7C90D8F50}.Release|Any CPU.Build.0 = Release|Any CPU
	EndGlobalSection
	GlobalSection(SolutionProperties) = preSolution
		HideSolutionNode = FALSE
	EndGlobalSection
	GlobalSection(ExtensibilityGlobals) = postSolution
		SolutionGuid = {981E486A-789A-4530-910F-B46F36AAD247}
	EndGlobalSection
EndGlobal
